
Microsoft Visual Studio Solution File, Format Version 12.00
# Visual Studio Version 17
VisualStudioVersion = 17.8.34525.116
MinimumVisualStudioVersion = 10.0.40219.1
Project("{8BC9CEB8-8B4A-11D0-8D11-00A0C91BC942}") = "DecimalToOctal_using_DoWhile", "DecimalToOctal_using_DoWhile.vcxproj", "{44C7B4F9-E2D3-44EB-A36C-B11384704BC4}"
EndProject
Global
	GlobalSection(SolutionConfigurationPlatforms) = preSolution
		Debug|x64 = Debug|x64
		Debug|x86 = Debug|x86
		Release|x64 = Release|x64
		Release|x86 = Release|x86
	EndGlobalSection
	GlobalSection(ProjectConfigurationPlatforms) = postSolution
		{44C7B4F9-E2D3-44EB-A36C-B11384704BC4}.Debug|x64.ActiveCfg = Debug|x64
		{44C7B4F9-E2D3-44EB-A36C-B11384704BC4}.Debug|x64.Build.0 = Debug|x64
		{44C7B4F9-E2D3-44EB-A36C-B11384704BC4}.Debug|x86.ActiveCfg = Debug|Win32
		{44C7B4F9-E2D3-44EB-A36C-B11384704BC4}.Debug|x86.Build.0 = Debug|Win32
		{44C7B4F9-E2D3-44EB-A36C-B11384704BC4}.Release|x64.ActiveCfg = Release|x64
		{44C7B4F9-E2D3-44EB-A36C-B11384704BC4}.Release|x64.Build.0 = Release|x64
		{44C7B4F9-E2D3-44EB-A36C-B11384704BC4}.Release|x86.ActiveCfg = Release|Win32
		{44C7B4F9-E2D3-44EB-A36C-B11384704BC4}.Release|x86.Build.0 = Release|Win32
	EndGlobalSection
	GlobalSection(SolutionProperties) = preSolution
		HideSolutionNode = FALSE
	EndGlobalSection
	GlobalSection(ExtensibilityGlobals) = postSolution
		SolutionGuid = {37182253-0DC2-4360-9DF6-E822787169DB}
	EndGlobalSection
EndGlobal
