
Microsoft Visual Studio Solution File, Format Version 12.00
# Visual Studio Version 17
VisualStudioVersion = 17.8.34525.116
MinimumVisualStudioVersion = 10.0.40219.1
Project("{8BC9CEB8-8B4A-11D0-8D11-00A0C91BC942}") = "Shape_area_calculator", "Shape_area_calculator.vcxproj", "{A7AC10B6-79A4-4C9C-9B8F-7714AC96E6CF}"
EndProject
Global
	GlobalSection(SolutionConfigurationPlatforms) = preSolution
		Debug|x64 = Debug|x64
		Debug|x86 = Debug|x86
		Release|x64 = Release|x64
		Release|x86 = Release|x86
	EndGlobalSection
	GlobalSection(ProjectConfigurationPlatforms) = postSolution
		{A7AC10B6-79A4-4C9C-9B8F-7714AC96E6CF}.Debug|x64.ActiveCfg = Debug|x64
		{A7AC10B6-79A4-4C9C-9B8F-7714AC96E6CF}.Debug|x64.Build.0 = Debug|x64
		{A7AC10B6-79A4-4C9C-9B8F-7714AC96E6CF}.Debug|x86.ActiveCfg = Debug|Win32
		{A7AC10B6-79A4-4C9C-9B8F-7714AC96E6CF}.Debug|x86.Build.0 = Debug|Win32
		{A7AC10B6-79A4-4C9C-9B8F-7714AC96E6CF}.Release|x64.ActiveCfg = Release|x64
		{A7AC10B6-79A4-4C9C-9B8F-7714AC96E6CF}.Release|x64.Build.0 = Release|x64
		{A7AC10B6-79A4-4C9C-9B8F-7714AC96E6CF}.Release|x86.ActiveCfg = Release|Win32
		{A7AC10B6-79A4-4C9C-9B8F-7714AC96E6CF}.Release|x86.Build.0 = Release|Win32
	EndGlobalSection
	GlobalSection(SolutionProperties) = preSolution
		HideSolutionNode = FALSE
	EndGlobalSection
	GlobalSection(ExtensibilityGlobals) = postSolution
		SolutionGuid = {055D5AA8-C83B-43BC-8E62-42E3C1F01490}
	EndGlobalSection
EndGlobal
