
Microsoft Visual Studio Solution File, Format Version 12.00
# Visual Studio Version 17
VisualStudioVersion = 17.8.34525.116
MinimumVisualStudioVersion = 10.0.40219.1
Project("{8BC9CEB8-8B4A-11D0-8D11-00A0C91BC942}") = "GPA Calculator", "GPA Calculator.vcxproj", "{ECBFBB18-C63B-485E-9DFB-0DF56C0E9240}"
EndProject
Global
	GlobalSection(SolutionConfigurationPlatforms) = preSolution
		Debug|x64 = Debug|x64
		Debug|x86 = Debug|x86
		Release|x64 = Release|x64
		Release|x86 = Release|x86
	EndGlobalSection
	GlobalSection(ProjectConfigurationPlatforms) = postSolution
		{ECBFBB18-C63B-485E-9DFB-0DF56C0E9240}.Debug|x64.ActiveCfg = Debug|x64
		{ECBFBB18-C63B-485E-9DFB-0DF56C0E9240}.Debug|x64.Build.0 = Debug|x64
		{ECBFBB18-C63B-485E-9DFB-0DF56C0E9240}.Debug|x86.ActiveCfg = Debug|Win32
		{ECBFBB18-C63B-485E-9DFB-0DF56C0E9240}.Debug|x86.Build.0 = Debug|Win32
		{ECBFBB18-C63B-485E-9DFB-0DF56C0E9240}.Release|x64.ActiveCfg = Release|x64
		{ECBFBB18-C63B-485E-9DFB-0DF56C0E9240}.Release|x64.Build.0 = Release|x64
		{ECBFBB18-C63B-485E-9DFB-0DF56C0E9240}.Release|x86.ActiveCfg = Release|Win32
		{ECBFBB18-C63B-485E-9DFB-0DF56C0E9240}.Release|x86.Build.0 = Release|Win32
	EndGlobalSection
	GlobalSection(SolutionProperties) = preSolution
		HideSolutionNode = FALSE
	EndGlobalSection
	GlobalSection(ExtensibilityGlobals) = postSolution
		SolutionGuid = {0F6F8AEA-97E6-487C-83B1-A6A38AE03A9F}
	EndGlobalSection
EndGlobal
